
Microsoft Visual Studio Solution File, Format Version 12.00
# Visual Studio Version 17
VisualStudioVersion = 17.9.34723.18
MinimumVisualStudioVersion = 10.0.40219.1
Project("{9A19103F-16F7-4668-BE54-9A1E7A4F7556}") = "Sportapp - frontend", "Sportapp - frontend.csproj", "{B4C99B6E-8334-45B9-82B8-34B260A5BBA3}"
EndProject
Project("{FAE04EC0-301F-11D3-BF4B-00C04F79EFBC}") = "TestProjectSportsappFrontend", "..\TestProjectSportsappFrontend\TestProjectSportsappFrontend.csproj", "{B64B3254-EF35-4BE8-BABA-1881525AEF01}"
EndProject
Global
	GlobalSection(SolutionConfigurationPlatforms) = preSolution
		Debug|Any CPU = Debug|Any CPU
		Release|Any CPU = Release|Any CPU
	EndGlobalSection
	GlobalSection(ProjectConfigurationPlatforms) = postSolution
		{B4C99B6E-8334-45B9-82B8-34B260A5BBA3}.Debug|Any CPU.ActiveCfg = Debug|Any CPU
		{B4C99B6E-8334-45B9-82B8-34B260A5BBA3}.Debug|Any CPU.Build.0 = Debug|Any CPU
		{B4C99B6E-8334-45B9-82B8-34B260A5BBA3}.Release|Any CPU.ActiveCfg = Release|Any CPU
		{B4C99B6E-8334-45B9-82B8-34B260A5BBA3}.Release|Any CPU.Build.0 = Release|Any CPU
		{B64B3254-EF35-4BE8-BABA-1881525AEF01}.Debug|Any CPU.ActiveCfg = Debug|Any CPU
		{B64B3254-EF35-4BE8-BABA-1881525AEF01}.Debug|Any CPU.Build.0 = Debug|Any CPU
		{B64B3254-EF35-4BE8-BABA-1881525AEF01}.Release|Any CPU.ActiveCfg = Release|Any CPU
		{B64B3254-EF35-4BE8-BABA-1881525AEF01}.Release|Any CPU.Build.0 = Release|Any CPU
	EndGlobalSection
	GlobalSection(SolutionProperties) = preSolution
		HideSolutionNode = FALSE
	EndGlobalSection
	GlobalSection(ExtensibilityGlobals) = postSolution
		SolutionGuid = {7AF4004C-6CBE-45A1-8AC9-75914CB6E486}
	EndGlobalSection
EndGlobal
